FORGE
  remote: https://forgeapi.puppetlabs.com
  specs:
    puppet-epel (3.1.0)
    puppet-python (6.2.1)
      puppet-epel (< 4.0.0, >= 3.0.0)
      puppetlabs-stdlib (< 9.0.0, >= 4.19.0)
    puppet-selinux (3.4.1)
      puppetlabs-stdlib (< 9.0.0, >= 4.18.0)
    puppetlabs-apache (7.0.0)
      puppetlabs-concat (< 8.0.0, >= 2.2.1)
      puppetlabs-stdlib (< 9.0.0, >= 4.13.1)
    puppetlabs-concat (7.1.1)
      puppetlabs-stdlib (< 9.0.0, >= 4.13.1)
    puppetlabs-stdlib (8.1.0)

PATH
  remote: ./icarus
  specs:
    qbrc-icarus (0.1.0)

DEPENDENCIES
  puppet-python (= 6.2.1)
  puppet-selinux (= 3.4.1)
  puppetlabs-apache (= 7.0.0)
  qbrc-icarus (= 0.1.0)

